
Microsoft Visual Studio Solution File, Format Version 12.00
# Visual Studio Version 16
VisualStudioVersion = 16.0.30621.155
MinimumVisualStudioVersion = 10.0.40219.1
Project("{8BC9CEB8-8B4A-11D0-8D11-00A0C91BC942}") = "StudentApplication", "StudentApplication.vcxproj", "{5219794B-A345-4C1A-85BB-6D24248B35E1}"
EndProject
Project("{2150E333-8FDC-42A3-9474-1A3956D46DE8}") = "UML", "UML", "{DFF087F1-575F-4446-A034-3EC99173DD4C}"
	ProjectSection(SolutionItems) = preProject
		HashList.cd = HashList.cd
	EndProjectSection
EndProject
Global
	GlobalSection(SolutionConfigurationPlatforms) = preSolution
		Debug|x64 = Debug|x64
		Debug|x86 = Debug|x86
		Release|x64 = Release|x64
		Release|x86 = Release|x86
	EndGlobalSection
	GlobalSection(ProjectConfigurationPlatforms) = postSolution
		{5219794B-A345-4C1A-85BB-6D24248B35E1}.Debug|x64.ActiveCfg = Debug|x64
		{5219794B-A345-4C1A-85BB-6D24248B35E1}.Debug|x64.Build.0 = Debug|x64
		{5219794B-A345-4C1A-85BB-6D24248B35E1}.Debug|x86.ActiveCfg = Debug|Win32
		{5219794B-A345-4C1A-85BB-6D24248B35E1}.Debug|x86.Build.0 = Debug|Win32
		{5219794B-A345-4C1A-85BB-6D24248B35E1}.Release|x64.ActiveCfg = Release|x64
		{5219794B-A345-4C1A-85BB-6D24248B35E1}.Release|x64.Build.0 = Release|x64
		{5219794B-A345-4C1A-85BB-6D24248B35E1}.Release|x86.ActiveCfg = Release|Win32
		{5219794B-A345-4C1A-85BB-6D24248B35E1}.Release|x86.Build.0 = Release|Win32
	EndGlobalSection
	GlobalSection(SolutionProperties) = preSolution
		HideSolutionNode = FALSE
	EndGlobalSection
	GlobalSection(ExtensibilityGlobals) = postSolution
		SolutionGuid = {3BBD7177-C5D2-4906-887C-26EDF4101695}
	EndGlobalSection
EndGlobal
